
Microsoft Visual Studio Solution File, Format Version 12.00
# Visual Studio Version 16
VisualStudioVersion = 16.0.29509.3
MinimumVisualStudioVersion = 10.0.40219.1
Project("{FAE04EC0-301F-11D3-BF4B-00C04F79EFBC}") = "Challenge1", "Challenge1\Challenge1.csproj", "{98210C45-FCA8-4EC3-BAD1-21B9ACBFCA13}"
EndProject
Global
	GlobalSection(SolutionConfigurationPlatforms) = preSolution
		Debug|Any CPU = Debug|Any CPU
		Release|Any CPU = Release|Any CPU
	EndGlobalSection
	GlobalSection(ProjectConfigurationPlatforms) = postSolution
		{98210C45-FCA8-4EC3-BAD1-21B9ACBFCA13}.Debug|Any CPU.ActiveCfg = Debug|Any CPU
		{98210C45-FCA8-4EC3-BAD1-21B9ACBFCA13}.Debug|Any CPU.Build.0 = Debug|Any CPU
		{98210C45-FCA8-4EC3-BAD1-21B9ACBFCA13}.Release|Any CPU.ActiveCfg = Release|Any CPU
		{98210C45-FCA8-4EC3-BAD1-21B9ACBFCA13}.Release|Any CPU.Build.0 = Release|Any CPU
	EndGlobalSection
	GlobalSection(SolutionProperties) = preSolution
		HideSolutionNode = FALSE
	EndGlobalSection
	GlobalSection(ExtensibilityGlobals) = postSolution
		SolutionGuid = {829E0623-E9B7-4756-B0A9-DCDDCE0C090A}
	EndGlobalSection
EndGlobal
